
Microsoft Visual Studio Solution File, Format Version 12.00
# Visual Studio Version 17
VisualStudioVersion = 17.0.32014.148
MinimumVisualStudioVersion = 10.0.40219.1
Project("{FAE04EC0-301F-11D3-BF4B-00C04F79EFBC}") = "HelloWorld", "HelloWorld\HelloWorld.csproj", "{6AD9B7DA-549C-4FF7-B735-B9022D45250E}"
EndProject
Global
	GlobalSection(SolutionConfigurationPlatforms) = preSolution
		Debug|Any CPU = Debug|Any CPU
		Release|Any CPU = Release|Any CPU
	EndGlobalSection
	GlobalSection(ProjectConfigurationPlatforms) = postSolution
		{6AD9B7DA-549C-4FF7-B735-B9022D45250E}.Debug|Any CPU.ActiveCfg = Debug|Any CPU
		{6AD9B7DA-549C-4FF7-B735-B9022D45250E}.Debug|Any CPU.Build.0 = Debug|Any CPU
		{6AD9B7DA-549C-4FF7-B735-B9022D45250E}.Release|Any CPU.ActiveCfg = Release|Any CPU
		{6AD9B7DA-549C-4FF7-B735-B9022D45250E}.Release|Any CPU.Build.0 = Release|Any CPU
	EndGlobalSection
	GlobalSection(SolutionProperties) = preSolution
		HideSolutionNode = FALSE
	EndGlobalSection
	GlobalSection(ExtensibilityGlobals) = postSolution
		SolutionGuid = {EB9FCE8C-D89E-4E3C-8916-839AE0D6D3D6}
	EndGlobalSection
EndGlobal
